// !$*UTF8*$!
{
	archiveVersion = 1;
	classes = {
	};
	objectVersion = 77;
	objects = {

/* Begin PBXBuildFile section */
		9DF10C502E98FE9D00F451FC /* UserNotifications.framework in Frameworks */ = {isa = PBXBuildFile; fileRef = 9DF10C4F2E98FE9D00F451FC /* UserNotifications.framework */; };
		9DF10C522E98FE9D00F451FC /* UserNotificationsUI.framework in Frameworks */ = {isa = PBXBuildFile; fileRef = 9DF10C512E98FE9D00F451FC /* UserNotificationsUI.framework */; };
		9DF10C5C2E98FE9D00F451FC /* ChugsNotificationExtension.appex in Embed Foundation Extensions */ = {isa = PBXBuildFile; fileRef = 9DF10C4D2E98FE9D00F451FC /* ChugsNotificationExtension.appex */; settings = {ATTRIBUTES = (RemoveHeadersOnCopy, ); }; };
/* End PBXBuildFile section */

/* Begin PBXContainerItemProxy section */
		9D0AFF352E69C04A0079E900 /* PBXContainerItemProxy */ = {
			isa = PBXContainerItemProxy;
			containerPortal = 9D0AFF1F2E69C0490079E900 /* Project object */;
			proxyType = 1;
			remoteGlobalIDString = 9D0AFF262E69C0490079E900;
			remoteInfo = Chugs;
		};
		9D0AFF3F2E69C04A0079E900 /* PBXContainerItemProxy */ = {
			isa = PBXContainerItemProxy;
			containerPortal = 9D0AFF1F2E69C0490079E900 /* Project object */;
			proxyType = 1;
			remoteGlobalIDString = 9D0AFF262E69C0490079E900;
			remoteInfo = Chugs;
		};
		9DF10C5A2E98FE9D00F451FC /* PBXContainerItemProxy */ = {
			isa = PBXContainerItemProxy;
			containerPortal = 9D0AFF1F2E69C0490079E900 /* Project object */;
			proxyType = 1;
			remoteGlobalIDString = 9DF10C4C2E98FE9C00F451FC;
			remoteInfo = ChugsNotificationExtension;
		};
/* End PBXContainerItemProxy section */

/* Begin PBXCopyFilesBuildPhase section */
		9DF10C612E98FE9D00F451FC /* Embed Foundation Extensions */ = {
			isa = PBXCopyFilesBuildPhase;
			buildActionMask = 2147483647;
			dstPath = "";
			dstSubfolderSpec = 13;
			files = (
				9DF10C5C2E98FE9D00F451FC /* ChugsNotificationExtension.appex in Embed Foundation Extensions */,
			);
			name = "Embed Foundation Extensions";
			runOnlyForDeploymentPostprocessing = 0;
		};
/* End PBXCopyFilesBuildPhase section */

/* Begin PBXFileReference section */
		9D0AFF272E69C0490079E900 /* Chugs.app */ = {isa = PBXFileReference; explicitFileType = wrapper.application; includeInIndex = 0; path = Chugs.app; sourceTree = BUILT_PRODUCTS_DIR; };
		9D0AFF342E69C04A0079E900 /* ChugsTests.xctest */ = {isa = PBXFileReference; explicitFileType = wrapper.cfbundle; includeInIndex = 0; path = ChugsTests.xctest; sourceTree = BUILT_PRODUCTS_DIR; };
		9D0AFF3E2E69C04A0079E900 /* ChugsUITests.xctest */ = {isa = PBXFileReference; explicitFileType = wrapper.cfbundle; includeInIndex = 0; path = ChugsUITests.xctest; sourceTree = BUILT_PRODUCTS_DIR; };
		9DF10C4D2E98FE9D00F451FC /* ChugsNotificationExtension.appex */ = {isa = PBXFileReference; explicitFileType = "wrapper.app-extension"; includeInIndex = 0; path = ChugsNotificationExtension.appex; sourceTree = BUILT_PRODUCTS_DIR; };
		9DF10C4F2E98FE9D00F451FC /* UserNotifications.framework */ = {isa = PBXFileReference; lastKnownFileType = wrapper.framework; name = UserNotifications.framework; path = System/Library/Frameworks/UserNotifications.framework; sourceTree = SDKROOT; };
		9DF10C512E98FE9D00F451FC /* UserNotificationsUI.framework */ = {isa = PBXFileReference; lastKnownFileType = wrapper.framework; name = UserNotificationsUI.framework; path = System/Library/Frameworks/UserNotificationsUI.framework; sourceTree = SDKROOT; };
/* End PBXFileReference section */

/* Begin PBXFileSystemSynchronizedBuildFileExceptionSet section */
		9D0AFF522E69C0D40079E900 /* Exceptions for "Chugs" folder in "Chugs" target */ = {
			isa = PBXFileSystemSynchronizedBuildFileExceptionSet;
			membershipExceptions = (
				Info.plist,
			);
			target = 9D0AFF262E69C0490079E900 /* Chugs */;
		};
		9DF10C602E98FE9D00F451FC /* Exceptions for "ChugsNotificationExtension" folder in "ChugsNotificationExtension" target */ = {
			isa = PBXFileSystemSynchronizedBuildFileExceptionSet;
			membershipExceptions = (
				Info.plist,
			);
			target = 9DF10C4C2E98FE9C00F451FC /* ChugsNotificationExtension */;
		};
/* End PBXFileSystemSynchronizedBuildFileExceptionSet section */

/* Begin PBXFileSystemSynchronizedRootGroup section */
		9D0AFF292E69C0490079E900 /* Chugs */ = {
			isa = PBXFileSystemSynchronizedRootGroup;
			exceptions = (
				9D0AFF522E69C0D40079E900 /* Exceptions for "Chugs" folder in "Chugs" target */,
			);
			path = Chugs;
			sourceTree = "<group>";
		};
		9D0AFF372E69C04A0079E900 /* ChugsTests */ = {
			isa = PBXFileSystemSynchronizedRootGroup;
			path = ChugsTests;
			sourceTree = "<group>";
		};
		9D0AFF412E69C04A0079E900 /* ChugsUITests */ = {
			isa = PBXFileSystemSynchronizedRootGroup;
			path = ChugsUITests;
			sourceTree = "<group>";
		};
		9DF10C532E98FE9D00F451FC /* ChugsNotificationExtension */ = {
			isa = PBXFileSystemSynchronizedRootGroup;
			exceptions = (
				9DF10C602E98FE9D00F451FC /* Exceptions for "ChugsNotificationExtension" folder in "ChugsNotificationExtension" target */,
			);
			path = ChugsNotificationExtension;
			sourceTree = "<group>";
		};
/* End PBXFileSystemSynchronizedRootGroup section */

/* Begin PBXFrameworksBuildPhase section */
		9D0AFF242E69C0490079E900 /* Frameworks */ = {
			isa = PBXFrameworksBuildPhase;
			buildActionMask = 2147483647;
			files = (
			);
			runOnlyForDeploymentPostprocessing = 0;
		};
		9D0AFF312E69C04A0079E900 /* Frameworks */ = {
			isa = PBXFrameworksBuildPhase;
			buildActionMask = 2147483647;
			files = (
			);
			runOnlyForDeploymentPostprocessing = 0;
		};
		9D0AFF3B2E69C04A0079E900 /* Frameworks */ = {
			isa = PBXFrameworksBuildPhase;
			buildActionMask = 2147483647;
			files = (
			);
			runOnlyForDeploymentPostprocessing = 0;
		};
		9DF10C4A2E98FE9C00F451FC /* Frameworks */ = {
			isa = PBXFrameworksBuildPhase;
			buildActionMask = 2147483647;
			files = (
				9DF10C522E98FE9D00F451FC /* UserNotificationsUI.framework in Frameworks */,
				9DF10C502E98FE9D00F451FC /* UserNotifications.framework in Frameworks */,
			);
			runOnlyForDeploymentPostprocessing = 0;
		};
/* End PBXFrameworksBuildPhase section */

/* Begin PBXGroup section */
		9D0AFF1E2E69C0490079E900 = {
			isa = PBXGroup;
			children = (
				9D0AFF292E69C0490079E900 /* Chugs */,
				9D0AFF372E69C04A0079E900 /* ChugsTests */,
				9D0AFF412E69C04A0079E900 /* ChugsUITests */,
				9DF10C532E98FE9D00F451FC /* ChugsNotificationExtension */,
				9DF10C4E2E98FE9D00F451FC /* Frameworks */,
				9D0AFF282E69C0490079E900 /* Products */,
			);
			sourceTree = "<group>";
		};
		9D0AFF282E69C0490079E900 /* Products */ = {
			isa = PBXGroup;
			children = (
				9D0AFF272E69C0490079E900 /* Chugs.app */,
				9D0AFF342E69C04A0079E900 /* ChugsTests.xctest */,
				9D0AFF3E2E69C04A0079E900 /* ChugsUITests.xctest */,
				9DF10C4D2E98FE9D00F451FC /* ChugsNotificationExtension.appex */,
			);
			name = Products;
			sourceTree = "<group>";
		};
		9DF10C4E2E98FE9D00F451FC /* Frameworks */ = {
			isa = PBXGroup;
			children = (
				9DF10C4F2E98FE9D00F451FC /* UserNotifications.framework */,
				9DF10C512E98FE9D00F451FC /* UserNotificationsUI.framework */,
			);
			name = Frameworks;
			sourceTree = "<group>";
		};
/* End PBXGroup section */

/* Begin PBXNativeTarget section */
		9D0AFF262E69C0490079E900 /* Chugs */ = {
			isa = PBXNativeTarget;
			buildConfigurationList = 9D0AFF482E69C04A0079E900 /* Build configuration list for PBXNativeTarget "Chugs" */;
			buildPhases = (
				9D0AFF232E69C0490079E900 /* Sources */,
				9D0AFF242E69C0490079E900 /* Frameworks */,
				9D0AFF252E69C0490079E900 /* Resources */,
				9DF10C612E98FE9D00F451FC /* Embed Foundation Extensions */,
			);
			buildRules = (
			);
			dependencies = (
				9DF10C5B2E98FE9D00F451FC /* PBXTargetDependency */,
			);
			fileSystemSynchronizedGroups = (
				9D0AFF292E69C0490079E900 /* Chugs */,
			);
			name = Chugs;
			packageProductDependencies = (
			);
			productName = Chugs;
			productReference = 9D0AFF272E69C0490079E900 /* Chugs.app */;
			productType = "com.apple.product-type.application";
		};
		9D0AFF332E69C04A0079E900 /* ChugsTests */ = {
			isa = PBXNativeTarget;
			buildConfigurationList = 9D0AFF4B2E69C04A0079E900 /* Build configuration list for PBXNativeTarget "ChugsTests" */;
			buildPhases = (
				9D0AFF302E69C04A0079E900 /* Sources */,
				9D0AFF312E69C04A0079E900 /* Frameworks */,
				9D0AFF322E69C04A0079E900 /* Resources */,
			);
			buildRules = (
			);
			dependencies = (
				9D0AFF362E69C04A0079E900 /* PBXTargetDependency */,
			);
			fileSystemSynchronizedGroups = (
				9D0AFF372E69C04A0079E900 /* ChugsTests */,
			);
			name = ChugsTests;
			packageProductDependencies = (
			);
			productName = ChugsTests;
			productReference = 9D0AFF342E69C04A0079E900 /* ChugsTests.xctest */;
			productType = "com.apple.product-type.bundle.unit-test";
		};
		9D0AFF3D2E69C04A0079E900 /* ChugsUITests */ = {
			isa = PBXNativeTarget;
			buildConfigurationList = 9D0AFF4E2E69C04A0079E900 /* Build configuration list for PBXNativeTarget "ChugsUITests" */;
			buildPhases = (
				9D0AFF3A2E69C04A0079E900 /* Sources */,
				9D0AFF3B2E69C04A0079E900 /* Frameworks */,
				9D0AFF3C2E69C04A0079E900 /* Resources */,
			);
			buildRules = (
			);
			dependencies = (
				9D0AFF402E69C04A0079E900 /* PBXTargetDependency */,
			);
			fileSystemSynchronizedGroups = (
				9D0AFF412E69C04A0079E900 /* ChugsUITests */,
			);
			name = ChugsUITests;
			packageProductDependencies = (
			);
			productName = ChugsUITests;
			productReference = 9D0AFF3E2E69C04A0079E900 /* ChugsUITests.xctest */;
			productType = "com.apple.product-type.bundle.ui-testing";
		};
		9DF10C4C2E98FE9C00F451FC /* ChugsNotificationExtension */ = {
			isa = PBXNativeTarget;
			buildConfigurationList = 9DF10C5D2E98FE9D00F451FC /* Build configuration list for PBXNativeTarget "ChugsNotificationExtension" */;
			buildPhases = (
				9DF10C492E98FE9C00F451FC /* Sources */,
				9DF10C4A2E98FE9C00F451FC /* Frameworks */,
				9DF10C4B2E98FE9C00F451FC /* Resources */,
			);
			buildRules = (
			);
			dependencies = (
			);
			fileSystemSynchronizedGroups = (
				9DF10C532E98FE9D00F451FC /* ChugsNotificationExtension */,
			);
			name = ChugsNotificationExtension;
			packageProductDependencies = (
			);
			productName = ChugsNotificationExtension;
			productReference = 9DF10C4D2E98FE9D00F451FC /* ChugsNotificationExtension.appex */;
			productType = "com.apple.product-type.app-extension";
		};
/* End PBXNativeTarget section */

/* Begin PBXProject section */
		9D0AFF1F2E69C0490079E900 /* Project object */ = {
			isa = PBXProject;
			attributes = {
				BuildIndependentTargetsInParallel = 1;
				LastSwiftUpdateCheck = 2600;
				LastUpgradeCheck = 1640;
				TargetAttributes = {
					9D0AFF262E69C0490079E900 = {
						CreatedOnToolsVersion = 16.4;
					};
					9D0AFF332E69C04A0079E900 = {
						CreatedOnToolsVersion = 16.4;
						TestTargetID = 9D0AFF262E69C0490079E900;
					};
					9D0AFF3D2E69C04A0079E900 = {
						CreatedOnToolsVersion = 16.4;
						TestTargetID = 9D0AFF262E69C0490079E900;
					};
					9DF10C4C2E98FE9C00F451FC = {
						CreatedOnToolsVersion = 26.0.1;
					};
				};
			};
			buildConfigurationList = 9D0AFF222E69C0490079E900 /* Build configuration list for PBXProject "Chugs" */;
			developmentRegion = en;
			hasScannedForEncodings = 0;
			knownRegions = (
				en,
				Base,
				he,
			);
			mainGroup = 9D0AFF1E2E69C0490079E900;
			minimizedProjectReferenceProxies = 1;
			preferredProjectObjectVersion = 77;
			productRefGroup = 9D0AFF282E69C0490079E900 /* Products */;
			projectDirPath = "";
			projectRoot = "";
			targets = (
				9D0AFF262E69C0490079E900 /* Chugs */,
				9D0AFF332E69C04A0079E900 /* ChugsTests */,
				9D0AFF3D2E69C04A0079E900 /* ChugsUITests */,
				9DF10C4C2E98FE9C00F451FC /* ChugsNotificationExtension */,
			);
		};
/* End PBXProject section */

/* Begin PBXResourcesBuildPhase section */
		9D0AFF252E69C0490079E900 /* Resources */ = {
			isa = PBXResourcesBuildPhase;
			buildActionMask = 2147483647;
			files = (
			);
			runOnlyForDeploymentPostprocessing = 0;
		};
		9D0AFF322E69C04A0079E900 /* Resources */ = {
			isa = PBXResourcesBuildPhase;
			buildActionMask = 2147483647;
			files = (
			);
			runOnlyForDeploymentPostprocessing = 0;
		};
		9D0AFF3C2E69C04A0079E900 /* Resources */ = {
			isa = PBXResourcesBuildPhase;
			buildActionMask = 2147483647;
			files = (
			);
			runOnlyForDeploymentPostprocessing = 0;
		};
		9DF10C4B2E98FE9C00F451FC /* Resources */ = {
			isa = PBXResourcesBuildPhase;
			buildActionMask = 2147483647;
			files = (
			);
			runOnlyForDeploymentPostprocessing = 0;
		};
/* End PBXResourcesBuildPhase section */

/* Begin PBXSourcesBuildPhase section */
		9D0AFF232E69C0490079E900 /* Sources */ = {
			isa = PBXSourcesBuildPhase;
			buildActionMask = 2147483647;
			files = (
			);
			runOnlyForDeploymentPostprocessing = 0;
		};
		9D0AFF302E69C04A0079E900 /* Sources */ = {
			isa = PBXSourcesBuildPhase;
			buildActionMask = 2147483647;
			files = (
			);
			runOnlyForDeploymentPostprocessing = 0;
		};
		9D0AFF3A2E69C04A0079E900 /* Sources */ = {
			isa = PBXSourcesBuildPhase;
			buildActionMask = 2147483647;
			files = (
			);
			runOnlyForDeploymentPostprocessing = 0;
		};
		9DF10C492E98FE9C00F451FC /* Sources */ = {
			isa = PBXSourcesBuildPhase;
			buildActionMask = 2147483647;
			files = (
			);
			runOnlyForDeploymentPostprocessing = 0;
		};
/* End PBXSourcesBuildPhase section */

/* Begin PBXTargetDependency section */
		9D0AFF362E69C04A0079E900 /* PBXTargetDependency */ = {
			isa = PBXTargetDependency;
			target = 9D0AFF262E69C0490079E900 /* Chugs */;
			targetProxy = 9D0AFF352E69C04A0079E900 /* PBXContainerItemProxy */;
		};
		9D0AFF402E69C04A0079E900 /* PBXTargetDependency */ = {
			isa = PBXTargetDependency;
			target = 9D0AFF262E69C0490079E900 /* Chugs */;
			targetProxy = 9D0AFF3F2E69C04A0079E900 /* PBXContainerItemProxy */;
		};
		9DF10C5B2E98FE9D00F451FC /* PBXTargetDependency */ = {
			isa = PBXTargetDependency;
			target = 9DF10C4C2E98FE9C00F451FC /* ChugsNotificationExtension */;
			targetProxy = 9DF10C5A2E98FE9D00F451FC /* PBXContainerItemProxy */;
		};
/* End PBXTargetDependency section */

/* Begin XCBuildConfiguration section */
		9D0AFF462E69C04A0079E900 /* Debug */ = {
			isa = XCBuildConfiguration;
			buildSettings = {
				ALWAYS_SEARCH_USER_PATHS = NO;
				ASSETCATALOG_COMPILER_GENERATE_SWIFT_ASSET_SYMBOL_EXTENSIONS = YES;
				CLANG_ANALYZER_LOCALIZABILITY_NONLOCALIZED = YES;
				CLANG_ANALYZER_NONNULL = YES;
				CLANG_ANALYZER_NUMBER_OBJECT_CONVERSION = YES_AGGRESSIVE;
				CLANG_CXX_LANGUAGE_STANDARD = "gnu++20";
				CLANG_ENABLE_MODULES = YES;
				CLANG_ENABLE_OBJC_ARC = YES;
				CLANG_ENABLE_OBJC_WEAK = YES;
				CLANG_WARN_BLOCK_CAPTURE_AUTORELEASING = YES;
				CLANG_WARN_BOOL_CONVERSION = YES;
				CLANG_WARN_COMMA = YES;
				CLANG_WARN_CONSTANT_CONVERSION = YES;
				CLANG_WARN_DEPRECATED_OBJC_IMPLEMENTATIONS = YES;
				CLANG_WARN_DIRECT_OBJC_ISA_USAGE = YES_ERROR;
				CLANG_WARN_DOCUMENTATION_COMMENTS = YES;
				CLANG_WARN_EMPTY_BODY = YES;
				CLANG_WARN_ENUM_CONVERSION = YES;
				CLANG_WARN_INFINITE_RECURSION = YES;
				CLANG_WARN_INT_CONVERSION = YES;
				CLANG_WARN_NON_LITERAL_NULL_CONVERSION = YES;
				CLANG_WARN_OBJC_IMPLICIT_RETAIN_SELF = YES;
				CLANG_WARN_OBJC_LITERAL_CONVERSION = YES;
				CLANG_WARN_OBJC_ROOT_CLASS = YES_ERROR;
				CLANG_WARN_QUOTED_INCLUDE_IN_FRAMEWORK_HEADER = YES;
				CLANG_WARN_RANGE_LOOP_ANALYSIS = YES;
				CLANG_WARN_STRICT_PROTOTYPES = YES;
				CLANG_WARN_SUSPICIOUS_MOVE = YES;
				CLANG_WARN_UNGUARDED_AVAILABILITY = YES_AGGRESSIVE;
				CLANG_WARN_UNREACHABLE_CODE = YES;
				CLANG_WARN__DUPLICATE_METHOD_MATCH = YES;
				COPY_PHASE_STRIP = NO;
				DEBUG_INFORMATION_FORMAT = dwarf;
				ENABLE_STRICT_OBJC_MSGSEND = YES;
				ENABLE_TESTABILITY = YES;
				ENABLE_USER_SCRIPT_SANDBOXING = YES;
				GCC_C_LANGUAGE_STANDARD = gnu17;
				GCC_DYNAMIC_NO_PIC = NO;
				GCC_NO_COMMON_BLOCKS = YES;
				GCC_OPTIMIZATION_LEVEL = 0;
				GCC_PREPROCESSOR_DEFINITIONS = (
					"DEBUG=1",
					"$(inherited)",
				);
				GCC_WARN_64_TO_32_BIT_CONVERSION = YES;
				GCC_WARN_ABOUT_RETURN_TYPE = YES_ERROR;
				GCC_WARN_UNDECLARED_SELECTOR = YES;
				GCC_WARN_UNINITIALIZED_AUTOS = YES_AGGRESSIVE;
				GCC_WARN_UNUSED_FUNCTION = YES;
				GCC_WARN_UNUSED_VARIABLE = YES;
				IPHONEOS_DEPLOYMENT_TARGET = 18.5;
				LOCALIZATION_PREFERS_STRING_CATALOGS = YES;
				MTL_ENABLE_DEBUG_INFO = INCLUDE_SOURCE;
				MTL_FAST_MATH = YES;
				ONLY_ACTIVE_ARCH = YES;
				SDKROOT = iphoneos;
				SWIFT_ACTIVE_COMPILATION_CONDITIONS = "DEBUG $(inherited)";
				SWIFT_OPTIMIZATION_LEVEL = "-Onone";
			};
			name = Debug;
		};
		9D0AFF472E69C04A0079E900 /* Release */ = {
			isa = XCBuildConfiguration;
			buildSettings = {
				ALWAYS_SEARCH_USER_PATHS = NO;
				ASSETCATALOG_COMPILER_GENERATE_SWIFT_ASSET_SYMBOL_EXTENSIONS = YES;
				CLANG_ANALYZER_LOCALIZABILITY_NONLOCALIZED = YES;
				CLANG_ANALYZER_NONNULL = YES;
				CLANG_ANALYZER_NUMBER_OBJECT_CONVERSION = YES_AGGRESSIVE;
				CLANG_CXX_LANGUAGE_STANDARD = "gnu++20";
				CLANG_ENABLE_MODULES = YES;
				CLANG_ENABLE_OBJC_ARC = YES;
				CLANG_ENABLE_OBJC_WEAK = YES;
				CLANG_WARN_BLOCK_CAPTURE_AUTORELEASING = YES;
				CLANG_WARN_BOOL_CONVERSION = YES;
				CLANG_WARN_COMMA = YES;
				CLANG_WARN_CONSTANT_CONVERSION = YES;
				CLANG_WARN_DEPRECATED_OBJC_IMPLEMENTATIONS = YES;
				CLANG_WARN_DIRECT_OBJC_ISA_USAGE = YES_ERROR;
				CLANG_WARN_DOCUMENTATION_COMMENTS = YES;
				CLANG_WARN_EMPTY_BODY = YES;
				CLANG_WARN_ENUM_CONVERSION = YES;
				CLANG_WARN_INFINITE_RECURSION = YES;
				CLANG_WARN_INT_CONVERSION = YES;
				CLANG_WARN_NON_LITERAL_NULL_CONVERSION = YES;
				CLANG_WARN_OBJC_IMPLICIT_RETAIN_SELF = YES;
				CLANG_WARN_OBJC_LITERAL_CONVERSION = YES;
				CLANG_WARN_OBJC_ROOT_CLASS = YES_ERROR;
				CLANG_WARN_QUOTED_INCLUDE_IN_FRAMEWORK_HEADER = YES;
				CLANG_WARN_RANGE_LOOP_ANALYSIS = YES;
				CLANG_WARN_STRICT_PROTOTYPES = YES;
				CLANG_WARN_SUSPICIOUS_MOVE = YES;
				CLANG_WARN_UNGUARDED_AVAILABILITY = YES_AGGRESSIVE;
				CLANG_WARN_UNREACHABLE_CODE = YES;
				CLANG_WARN__DUPLICATE_METHOD_MATCH = YES;
				COPY_PHASE_STRIP = NO;
				DEBUG_INFORMATION_FORMAT = "dwarf-with-dsym";
				ENABLE_NS_ASSERTIONS = NO;
				ENABLE_STRICT_OBJC_MSGSEND = YES;
				ENABLE_USER_SCRIPT_SANDBOXING = YES;
				GCC_C_LANGUAGE_STANDARD = gnu17;
				GCC_NO_COMMON_BLOCKS = YES;
				GCC_WARN_64_TO_32_BIT_CONVERSION = YES;
				GCC_WARN_ABOUT_RETURN_TYPE = YES_ERROR;
				GCC_WARN_UNDECLARED_SELECTOR = YES;
				GCC_WARN_UNINITIALIZED_AUTOS = YES_AGGRESSIVE;
				GCC_WARN_UNUSED_FUNCTION = YES;
				GCC_WARN_UNUSED_VARIABLE = YES;
				IPHONEOS_DEPLOYMENT_TARGET = 18.5;
				LOCALIZATION_PREFERS_STRING_CATALOGS = YES;
				MTL_ENABLE_DEBUG_INFO = NO;
				MTL_FAST_MATH = YES;
				SDKROOT = iphoneos;
				SWIFT_COMPILATION_MODE = wholemodule;
				VALIDATE_PRODUCT = YES;
			};
			name = Release;
		};
		9D0AFF492E69C04A0079E900 /* Debug */ = {
			isa = XCBuildConfiguration;
			buildSettings = {
				ASSETCATALOG_COMPILER_APPICON_NAME = AppIcon;
				ASSETCATALOG_COMPILER_GLOBAL_ACCENT_COLOR_NAME = AccentColor;
				CODE_SIGN_ENTITLEMENTS = Chugs/Chugs.entitlements;
				CODE_SIGN_STYLE = Automatic;
				CURRENT_PROJECT_VERSION = 1;
				DEVELOPMENT_TEAM = MB8WUDQ572;
				ENABLE_PREVIEWS = YES;
				GENERATE_INFOPLIST_FILE = YES;
				INFOPLIST_FILE = Chugs/Info.plist;
				INFOPLIST_KEY_UIApplicationSceneManifest_Generation = YES;
				INFOPLIST_KEY_UIApplicationSupportsIndirectInputEvents = YES;
				INFOPLIST_KEY_UILaunchScreen_Generation = YES;
				INFOPLIST_KEY_UISupportedInterfaceOrientations_iPad = "UIInterfaceOrientationPortrait UIInterfaceOrientationPortraitUpsideDown UIInterfaceOrientationLandscapeLeft UIInterfaceOrientationLandscapeRight";
				INFOPLIST_KEY_UISupportedInterfaceOrientations_iPhone = "UIInterfaceOrientationPortrait UIInterfaceOrientationLandscapeLeft UIInterfaceOrientationLandscapeRight";
				LD_RUNPATH_SEARCH_PATHS = (
					"$(inherited)",
					"@executable_path/Frameworks",
				);
				MARKETING_VERSION = 1.0;
				PRODUCT_BUNDLE_IDENTIFIER = com.shayblum.Chugs;
				PRODUCT_NAME = "$(TARGET_NAME)";
				SWIFT_EMIT_LOC_STRINGS = YES;
				SWIFT_VERSION = 5.0;
				TARGETED_DEVICE_FAMILY = "1,2";
			};
			name = Debug;
		};
		9D0AFF4A2E69C04A0079E900 /* Release */ = {
			isa = XCBuildConfiguration;
			buildSettings = {
				ASSETCATALOG_COMPILER_APPICON_NAME = AppIcon;
				ASSETCATALOG_COMPILER_GLOBAL_ACCENT_COLOR_NAME = AccentColor;
				CODE_SIGN_ENTITLEMENTS = Chugs/Chugs.entitlements;
				CODE_SIGN_STYLE = Automatic;
				CURRENT_PROJECT_VERSION = 1;
				DEVELOPMENT_TEAM = MB8WUDQ572;
				ENABLE_PREVIEWS = YES;
				GENERATE_INFOPLIST_FILE = YES;
				INFOPLIST_FILE = Chugs/Info.plist;
				INFOPLIST_KEY_UIApplicationSceneManifest_Generation = YES;
				INFOPLIST_KEY_UIApplicationSupportsIndirectInputEvents = YES;
				INFOPLIST_KEY_UILaunchScreen_Generation = YES;
				INFOPLIST_KEY_UISupportedInterfaceOrientations_iPad = "UIInterfaceOrientationPortrait UIInterfaceOrientationPortraitUpsideDown UIInterfaceOrientationLandscapeLeft UIInterfaceOrientationLandscapeRight";
				INFOPLIST_KEY_UISupportedInterfaceOrientations_iPhone = "UIInterfaceOrientationPortrait UIInterfaceOrientationLandscapeLeft UIInterfaceOrientationLandscapeRight";
				LD_RUNPATH_SEARCH_PATHS = (
					"$(inherited)",
					"@executable_path/Frameworks",
				);
				MARKETING_VERSION = 1.0;
				PRODUCT_BUNDLE_IDENTIFIER = com.shayblum.Chugs;
				PRODUCT_NAME = "$(TARGET_NAME)";
				SWIFT_EMIT_LOC_STRINGS = YES;
				SWIFT_VERSION = 5.0;
				TARGETED_DEVICE_FAMILY = "1,2";
			};
			name = Release;
		};
		9D0AFF4C2E69C04A0079E900 /* Debug */ = {
			isa = XCBuildConfiguration;
			buildSettings = {
				BUNDLE_LOADER = "$(TEST_HOST)";
				CODE_SIGN_STYLE = Automatic;
				CURRENT_PROJECT_VERSION = 1;
				GENERATE_INFOPLIST_FILE = YES;
				IPHONEOS_DEPLOYMENT_TARGET = 18.5;
				MARKETING_VERSION = 1.0;
				PRODUCT_BUNDLE_IDENTIFIER = com.shayblum.ChugsTests;
				PRODUCT_NAME = "$(TARGET_NAME)";
				SWIFT_EMIT_LOC_STRINGS = NO;
				SWIFT_VERSION = 5.0;
				TARGETED_DEVICE_FAMILY = "1,2";
				TEST_HOST = "$(BUILT_PRODUCTS_DIR)/Chugs.app/$(BUNDLE_EXECUTABLE_FOLDER_PATH)/Chugs";
			};
			name = Debug;
		};
		9D0AFF4D2E69C04A0079E900 /* Release */ = {
			isa = XCBuildConfiguration;
			buildSettings = {
				BUNDLE_LOADER = "$(TEST_HOST)";
				CODE_SIGN_STYLE = Automatic;
				CURRENT_PROJECT_VERSION = 1;
				GENERATE_INFOPLIST_FILE = YES;
				IPHONEOS_DEPLOYMENT_TARGET = 18.5;
				MARKETING_VERSION = 1.0;
				PRODUCT_BUNDLE_IDENTIFIER = com.shayblum.ChugsTests;
				PRODUCT_NAME = "$(TARGET_NAME)";
				SWIFT_EMIT_LOC_STRINGS = NO;
				SWIFT_VERSION = 5.0;
				TARGETED_DEVICE_FAMILY = "1,2";
				TEST_HOST = "$(BUILT_PRODUCTS_DIR)/Chugs.app/$(BUNDLE_EXECUTABLE_FOLDER_PATH)/Chugs";
			};
			name = Release;
		};
		9D0AFF4F2E69C04A0079E900 /* Debug */ = {
			isa = XCBuildConfiguration;
			buildSettings = {
				CODE_SIGN_STYLE = Automatic;
				CURRENT_PROJECT_VERSION = 1;
				GENERATE_INFOPLIST_FILE = YES;
				MARKETING_VERSION = 1.0;
				PRODUCT_BUNDLE_IDENTIFIER = com.shayblum.ChugsUITests;
				PRODUCT_NAME = "$(TARGET_NAME)";
				SWIFT_EMIT_LOC_STRINGS = NO;
				SWIFT_VERSION = 5.0;
				TARGETED_DEVICE_FAMILY = "1,2";
				TEST_TARGET_NAME = Chugs;
			};
			name = Debug;
		};
		9D0AFF502E69C04A0079E900 /* Release */ = {
			isa = XCBuildConfiguration;
			buildSettings = {
				CODE_SIGN_STYLE = Automatic;
				CURRENT_PROJECT_VERSION = 1;
				GENERATE_INFOPLIST_FILE = YES;
				MARKETING_VERSION = 1.0;
				PRODUCT_BUNDLE_IDENTIFIER = com.shayblum.ChugsUITests;
				PRODUCT_NAME = "$(TARGET_NAME)";
				SWIFT_EMIT_LOC_STRINGS = NO;
				SWIFT_VERSION = 5.0;
				TARGETED_DEVICE_FAMILY = "1,2";
				TEST_TARGET_NAME = Chugs;
			};
			name = Release;
		};
		9DF10C5E2E98FE9D00F451FC /* Debug */ = {
			isa = XCBuildConfiguration;
			buildSettings = {
				CODE_SIGN_STYLE = Automatic;
				CURRENT_PROJECT_VERSION = 1;
				DEVELOPMENT_TEAM = MB8WUDQ572;
				GENERATE_INFOPLIST_FILE = YES;
				INFOPLIST_FILE = ChugsNotificationExtension/Info.plist;
				INFOPLIST_KEY_CFBundleDisplayName = ChugsNotificationExtension;
				INFOPLIST_KEY_NSHumanReadableCopyright = "";
				IPHONEOS_DEPLOYMENT_TARGET = 26.0;
				LD_RUNPATH_SEARCH_PATHS = (
					"$(inherited)",
					"@executable_path/Frameworks",
					"@executable_path/../../Frameworks",
				);
				MARKETING_VERSION = 1.0;
				PRODUCT_BUNDLE_IDENTIFIER = com.shayblum.Chugs.ChugsNotificationExtension;
				PRODUCT_NAME = "$(TARGET_NAME)";
				SKIP_INSTALL = YES;
				STRING_CATALOG_GENERATE_SYMBOLS = YES;
				SWIFT_APPROACHABLE_CONCURRENCY = YES;
				SWIFT_EMIT_LOC_STRINGS = YES;
				SWIFT_UPCOMING_FEATURE_MEMBER_IMPORT_VISIBILITY = YES;
				SWIFT_VERSION = 5.0;
				TARGETED_DEVICE_FAMILY = "1,2";
			};
			name = Debug;
		};
		9DF10C5F2E98FE9D00F451FC /* Release */ = {
			isa = XCBuildConfiguration;
			buildSettings = {
				CODE_SIGN_STYLE = Automatic;
				CURRENT_PROJECT_VERSION = 1;
				DEVELOPMENT_TEAM = MB8WUDQ572;
				GENERATE_INFOPLIST_FILE = YES;
				INFOPLIST_FILE = ChugsNotificationExtension/Info.plist;
				INFOPLIST_KEY_CFBundleDisplayName = ChugsNotificationExtension;
				INFOPLIST_KEY_NSHumanReadableCopyright = "";
				IPHONEOS_DEPLOYMENT_TARGET = 26.0;
				LD_RUNPATH_SEARCH_PATHS = (
					"$(inherited)",
					"@executable_path/Frameworks",
					"@executable_path/../../Frameworks",
				);
				MARKETING_VERSION = 1.0;
				PRODUCT_BUNDLE_IDENTIFIER = com.shayblum.Chugs.ChugsNotificationExtension;
				PRODUCT_NAME = "$(TARGET_NAME)";
				SKIP_INSTALL = YES;
				STRING_CATALOG_GENERATE_SYMBOLS = YES;
				SWIFT_APPROACHABLE_CONCURRENCY = YES;
				SWIFT_EMIT_LOC_STRINGS = YES;
				SWIFT_UPCOMING_FEATURE_MEMBER_IMPORT_VISIBILITY = YES;
				SWIFT_VERSION = 5.0;
				TARGETED_DEVICE_FAMILY = "1,2";
			};
			name = Release;
		};
/* End XCBuildConfiguration section */

/* Begin XCConfigurationList section */
		9D0AFF222E69C0490079E900 /* Build configuration list for PBXProject "Chugs" */ = {
			isa = XCConfigurationList;
			buildConfigurations = (
				9D0AFF462E69C04A0079E900 /* Debug */,
				9D0AFF472E69C04A0079E900 /* Release */,
			);
			defaultConfigurationIsVisible = 0;
			defaultConfigurationName = Release;
		};
		9D0AFF482E69C04A0079E900 /* Build configuration list for PBXNativeTarget "Chugs" */ = {
			isa = XCConfigurationList;
			buildConfigurations = (
				9D0AFF492E69C04A0079E900 /* Debug */,
				9D0AFF4A2E69C04A0079E900 /* Release */,
			);
			defaultConfigurationIsVisible = 0;
			defaultConfigurationName = Release;
		};
		9D0AFF4B2E69C04A0079E900 /* Build configuration list for PBXNativeTarget "ChugsTests" */ = {
			isa = XCConfigurationList;
			buildConfigurations = (
				9D0AFF4C2E69C04A0079E900 /* Debug */,
				9D0AFF4D2E69C04A0079E900 /* Release */,
			);
			defaultConfigurationIsVisible = 0;
			defaultConfigurationName = Release;
		};
		9D0AFF4E2E69C04A0079E900 /* Build configuration list for PBXNativeTarget "ChugsUITests" */ = {
			isa = XCConfigurationList;
			buildConfigurations = (
				9D0AFF4F2E69C04A0079E900 /* Debug */,
				9D0AFF502E69C04A0079E900 /* Release */,
			);
			defaultConfigurationIsVisible = 0;
			defaultConfigurationName = Release;
		};
		9DF10C5D2E98FE9D00F451FC /* Build configuration list for PBXNativeTarget "ChugsNotificationExtension" */ = {
			isa = XCConfigurationList;
			buildConfigurations = (
				9DF10C5E2E98FE9D00F451FC /* Debug */,
				9DF10C5F2E98FE9D00F451FC /* Release */,
			);
			defaultConfigurationIsVisible = 0;
			defaultConfigurationName = Release;
		};
/* End XCConfigurationList section */
	};
	rootObject = 9D0AFF1F2E69C0490079E900 /* Project object */;
}
